
Microsoft Visual Studio Solution File, Format Version 12.00
# Visual Studio Version 16
VisualStudioVersion = 16.0.30804.86
MinimumVisualStudioVersion = 10.0.40219.1
Project("{2150E333-8FDC-42A3-9474-1A3956D46DE8}") = "src", "src", "{80B38D46-1541-4643-84A9-6C811D672EC1}"
EndProject
Project("{2150E333-8FDC-42A3-9474-1A3956D46DE8}") = "tests", "tests", "{67AB3D46-7902-4C0E-AC9A-778B482E3AB3}"
EndProject
Project("{9A19103F-16F7-4668-BE54-9A1E7A4F7556}") = "OT.StateManagement.Domain", "src\OT.StateManagement.Domain\OT.StateManagement.Domain.csproj", "{157CF6B6-8831-49CD-9CA1-01A32577ADD4}"
EndProject
Project("{9A19103F-16F7-4668-BE54-9A1E7A4F7556}") = "OT.StateManagement.DataAccess.EF", "src\OT.StateManagement.DataAccess.EF\OT.StateManagement.DataAccess.EF.csproj", "{53DED4C4-2EA5-4839-B63C-3E358E632F6B}"
EndProject
Project("{9A19103F-16F7-4668-BE54-9A1E7A4F7556}") = "OT.StateManagement.Web.Api", "src\OT.StateManagement.Web.Api\OT.StateManagement.Web.Api.csproj", "{DC970187-515B-46EB-84DB-ED54D8F0C4D0}"
EndProject
Project("{9A19103F-16F7-4668-BE54-9A1E7A4F7556}") = "OT.StateManagement.DataAccess.EF.Repository", "src\OT.StateManagement.DataAccess.EF.Repository\OT.StateManagement.DataAccess.EF.Repository.csproj", "{FBC7FEEB-5263-4202-9B2F-E8E413732210}"
EndProject
Project("{9A19103F-16F7-4668-BE54-9A1E7A4F7556}") = "OT.StateManagement.Business.Service", "src\OT.StateManagement.Business.Service\OT.StateManagement.Business.Service.csproj", "{65A8B23D-E118-45AC-842A-6FCA8C212B59}"
EndProject
Project("{FAE04EC0-301F-11D3-BF4B-00C04F79EFBC}") = "OT.StateManagement.Business.Service.Test", "tests\OT.StateManagement.Business.Service.Test\OT.StateManagement.Business.Service.Test.csproj", "{36D0C619-2D6D-4B86-B218-21CB2F7C5787}"
EndProject
Global
	GlobalSection(SolutionConfigurationPlatforms) = preSolution
		Debug|Any CPU = Debug|Any CPU
		Release|Any CPU = Release|Any CPU
	EndGlobalSection
	GlobalSection(ProjectConfigurationPlatforms) = postSolution
		{157CF6B6-8831-49CD-9CA1-01A32577ADD4}.Debug|Any CPU.ActiveCfg = Debug|Any CPU
		{157CF6B6-8831-49CD-9CA1-01A32577ADD4}.Debug|Any CPU.Build.0 = Debug|Any CPU
		{157CF6B6-8831-49CD-9CA1-01A32577ADD4}.Release|Any CPU.ActiveCfg = Release|Any CPU
		{157CF6B6-8831-49CD-9CA1-01A32577ADD4}.Release|Any CPU.Build.0 = Release|Any CPU
		{53DED4C4-2EA5-4839-B63C-3E358E632F6B}.Debug|Any CPU.ActiveCfg = Debug|Any CPU
		{53DED4C4-2EA5-4839-B63C-3E358E632F6B}.Debug|Any CPU.Build.0 = Debug|Any CPU
		{53DED4C4-2EA5-4839-B63C-3E358E632F6B}.Release|Any CPU.ActiveCfg = Release|Any CPU
		{53DED4C4-2EA5-4839-B63C-3E358E632F6B}.Release|Any CPU.Build.0 = Release|Any CPU
		{DC970187-515B-46EB-84DB-ED54D8F0C4D0}.Debug|Any CPU.ActiveCfg = Debug|Any CPU
		{DC970187-515B-46EB-84DB-ED54D8F0C4D0}.Debug|Any CPU.Build.0 = Debug|Any CPU
		{DC970187-515B-46EB-84DB-ED54D8F0C4D0}.Release|Any CPU.ActiveCfg = Release|Any CPU
		{DC970187-515B-46EB-84DB-ED54D8F0C4D0}.Release|Any CPU.Build.0 = Release|Any CPU
		{FBC7FEEB-5263-4202-9B2F-E8E413732210}.Debug|Any CPU.ActiveCfg = Debug|Any CPU
		{FBC7FEEB-5263-4202-9B2F-E8E413732210}.Debug|Any CPU.Build.0 = Debug|Any CPU
		{FBC7FEEB-5263-4202-9B2F-E8E413732210}.Release|Any CPU.ActiveCfg = Release|Any CPU
		{FBC7FEEB-5263-4202-9B2F-E8E413732210}.Release|Any CPU.Build.0 = Release|Any CPU
		{65A8B23D-E118-45AC-842A-6FCA8C212B59}.Debug|Any CPU.ActiveCfg = Debug|Any CPU
		{65A8B23D-E118-45AC-842A-6FCA8C212B59}.Debug|Any CPU.Build.0 = Debug|Any CPU
		{65A8B23D-E118-45AC-842A-6FCA8C212B59}.Release|Any CPU.ActiveCfg = Release|Any CPU
		{65A8B23D-E118-45AC-842A-6FCA8C212B59}.Release|Any CPU.Build.0 = Release|Any CPU
		{36D0C619-2D6D-4B86-B218-21CB2F7C5787}.Debug|Any CPU.ActiveCfg = Debug|Any CPU
		{36D0C619-2D6D-4B86-B218-21CB2F7C5787}.Debug|Any CPU.Build.0 = Debug|Any CPU
		{36D0C619-2D6D-4B86-B218-21CB2F7C5787}.Release|Any CPU.ActiveCfg = Release|Any CPU
		{36D0C619-2D6D-4B86-B218-21CB2F7C5787}.Release|Any CPU.Build.0 = Release|Any CPU
	EndGlobalSection
	GlobalSection(SolutionProperties) = preSolution
		HideSolutionNode = FALSE
	EndGlobalSection
	GlobalSection(NestedProjects) = preSolution
		{157CF6B6-8831-49CD-9CA1-01A32577ADD4} = {80B38D46-1541-4643-84A9-6C811D672EC1}
		{53DED4C4-2EA5-4839-B63C-3E358E632F6B} = {80B38D46-1541-4643-84A9-6C811D672EC1}
		{DC970187-515B-46EB-84DB-ED54D8F0C4D0} = {80B38D46-1541-4643-84A9-6C811D672EC1}
		{FBC7FEEB-5263-4202-9B2F-E8E413732210} = {80B38D46-1541-4643-84A9-6C811D672EC1}
		{65A8B23D-E118-45AC-842A-6FCA8C212B59} = {80B38D46-1541-4643-84A9-6C811D672EC1}
		{36D0C619-2D6D-4B86-B218-21CB2F7C5787} = {67AB3D46-7902-4C0E-AC9A-778B482E3AB3}
	EndGlobalSection
	GlobalSection(ExtensibilityGlobals) = postSolution
		SolutionGuid = {99CA8BFC-0BB8-4D22-B692-0619BE91251A}
	EndGlobalSection
EndGlobal
